# This file is automatically @generated by Poetry 1.6.1 and should not be changed by hand.

[[package]]
name = "appnope"
version = "0.1.0"
description = "Disable App Nap on OS X 10.9"
optional = false
python-versions = "*"
files = [
    {file = "appnope-0.1.0-py2.py3-none-any.whl", hash = "sha256:5b26757dc6f79a3b7dc9fab95359328d5747fcb2409d331ea66d0272b90ab2a0"},
    {file = "appnope-0.1.0.tar.gz", hash = "sha256:8b995ffe925347a2138d7ac0fe77155e4311a0ea6d6da4f5128fe4b3cbe5ed71"},
]

[[package]]
name = "asttokens"
version = "2.0.4"
description = "Annotate AST trees with source code positions"
optional = false
python-versions = "*"
files = [
    {file = "asttokens-2.0.4-py2.py3-none-any.whl", hash = "sha256:766d3352908730efb20b95ae22db0f1cb1bedb67c6071fcffb5c236ea673f2f7"},
    {file = "asttokens-2.0.4.tar.gz", hash = "sha256:a42e57e28f2ac1c85ed9b1f84109401427e5c63c04f61d15b8842b027eec5128"},
]

[package.dependencies]
six = "*"

[package.extras]
test = ["astroid", "pytest"]

[[package]]
name = "asyncpg"
version = "0.20.1"
description = "An asyncio PostgreSQL driver"
optional = false
python-versions = ">=3.5.0"
files = [
    {file = "asyncpg-0.20.1-cp35-cp35m-macosx_10_13_x86_64.whl", hash = "sha256:f7184689177eeb5a11fa1b2baf3f6f2e26bfd7a85acf4de1a3adbd0867d7c0e2"},
    {file = "asyncpg-0.20.1-cp35-cp35m-manylinux1_i686.whl", hash = "sha256:f0c9719ac00615f097fe91082b785bce36dbf02a5ec4115ede0ebfd2cd9500cb"},
    {file = "asyncpg-0.20.1-cp35-cp35m-manylinux1_x86_64.whl", hash = "sha256:1388caa456070dab102be874205e3ae8fd1de2577d5de9fa22e65ba5c0f8b110"},
    {file = "asyncpg-0.20.1-cp35-cp35m-win32.whl", hash = "sha256:ec6e7046c98730cb2ba4df41387e10cb8963a3ac2918f69ae416f8aab9ca7b1b"},
    {file = "asyncpg-0.20.1-cp35-cp35m-win_amd64.whl", hash = "sha256:25edb0b947eb632b6b53e5a4b36cba5677297bb34cbaba270019714d0a5fed76"},
    {file = "asyncpg-0.20.1-cp36-cp36m-macosx_10_13_x86_64.whl", hash = "sha256:95cd2df61ee00b789bdcd04a080e6d9188693b841db2bf9a87ebaed9e53147e0"},
    {file = "asyncpg-0.20.1-cp36-cp36m-manylinux1_i686.whl", hash = "sha256:058baec9d6b75612412baa872a1aa47317d0ff88c318a49f9c4a2389043d5a8d"},
    {file = "asyncpg-0.20.1-cp36-cp36m-manylinux1_x86_64.whl", hash = "sha256:c773c7dbe2f4d3ebc9e3030e94303e45d6742e6c2fc25da0c46a56ea3d83caeb"},
    {file = "asyncpg-0.20.1-cp36-cp36m-win32.whl", hash = "sha256:5664d1bd8abe64fc60a0e701eb85fa1d8c9a4a8018a5a59164d27238f2caf395"},
    {file = "asyncpg-0.20.1-cp36-cp36m-win_amd64.whl", hash = "sha256:57666dfae38f4dbf84ffbf0c5c0f78733fef0e8e083230275dcb9ccad1d5ee09"},
    {file = "asyncpg-0.20.1-cp37-cp37m-macosx_10_13_x86_64.whl", hash = "sha256:0c336903c3b08e970f8af2f606332f1738dba156bca83ed0467dc2f5c70da796"},
    {file = "asyncpg-0.20.1-cp37-cp37m-manylinux1_i686.whl", hash = "sha256:ad5ba062e09673b1a4b8d0facaf5a6d9719bf7b337440d10b07fe994d90a9552"},
    {file = "asyncpg-0.20.1-cp37-cp37m-manylinux1_x86_64.whl", hash = "sha256:ba90d3578bc6dddcbce461875672fd9bdb34f0b8215b68612dd3b65a956ff51c"},
    {file = "asyncpg-0.20.1-cp37-cp37m-win32.whl", hash = "sha256:da238592235717419a6a7b5edc8564da410ebfd056ca4ecc41e70b1b5df86fba"},
    {file = "asyncpg-0.20.1-cp37-cp37m-win_amd64.whl", hash = "sha256:74510234c294c6a6767089ba9c938f09a491426c24405634eb357bd91dffd734"},
    {file = "asyncpg-0.20.1-cp38-cp38-macosx_10_13_x86_64.whl", hash = "sha256:391aea89871df8c1560750af6c7170f2772c2d133b34772acf3637e3cf4db93e"},
    {file = "asyncpg-0.20.1-cp38-cp38-manylinux1_i686.whl", hash = "sha256:a981500bf6947926e53c48f4d60ae080af1b4ad7fa78e363465a5b5ad4f2b65e"},
    {file = "asyncpg-0.20.1-cp38-cp38-manylinux1_x86_64.whl", hash = "sha256:a9e6fd6f0f9e8bd77e9a4e1ef9a4f83a80674d9136a754ae3603e915da96b627"},
    {file = "asyncpg-0.20.1-cp38-cp38-win32.whl", hash = "sha256:e39aac2b3a2f839ce65aa255ce416de899c58b7d38d601d24ca35558e13b48e3"},
    {file = "asyncpg-0.20.1-cp38-cp38-win_amd64.whl", hash = "sha256:2af6a5a705accd36e13292ea43d08c20b15e52d684beb522cb3a7d3c9c8f3f48"},
    {file = "asyncpg-0.20.1.tar.gz", hash = "sha256:394bf19bdddbba07a38cd6fb526ebf66e120444d6b3097332b78efd5b26495b0"},
]

[package.extras]
dev = ["Cython (==0.29.14)", "Sphinx (>=1.7.3,<1.8.0)", "flake8 (>=3.7.9,<3.8.0)", "pycodestyle (>=2.5.0,<2.6.0)", "pytest (>=3.6.0)", "sphinx-rtd-theme (>=0.2.4,<0.3.0)", "sphinxcontrib-asyncio (>=0.2.0,<0.3.0)", "uvloop (>=0.14.0,<0.15.0)"]
docs = ["Sphinx (>=1.7.3,<1.8.0)", "sphinx-rtd-theme (>=0.2.4,<0.3.0)", "sphinxcontrib-asyncio (>=0.2.0,<0.3.0)"]
test = ["flake8 (>=3.7.9,<3.8.0)", "pycodestyle (>=2.5.0,<2.6.0)", "uvloop (>=0.14.0,<0.15.0)"]

[[package]]
name = "backcall"
version = "0.2.0"
description = "Specifications for callback functions passed in to an API"
optional = false
python-versions = "*"
files = [
    {file = "backcall-0.2.0-py2.py3-none-any.whl", hash = "sha256:fbbce6a29f263178a1f7915c1940bde0ec2b2a967566fe1c65c1dfb7422bd255"},
    {file = "backcall-0.2.0.tar.gz", hash = "sha256:5cbdbf27be5e7cfadb448baf0aa95508f91f2bbc6c6437cd9cd06e2a4c215e1e"},
]

[[package]]
name = "cheap-repr"
version = "0.4.1"
description = "Better version of repr/reprlib for short, cheap string representations."
optional = false
python-versions = "*"
files = [
    {file = "cheap_repr-0.4.1.tar.gz", hash = "sha256:675e6fc43bcad39f796f588d492bbc402baa4efde164fdb1b3f50264779278a6"},
]

[[package]]
name = "click"
version = "7.1.2"
description = "Composable command line interface toolkit"
optional = false
python-versions = ">=2.7, !=3.0.*, !=3.1.*, !=3.2.*, !=3.3.*, !=3.4.*"
files = [
    {file = "click-7.1.2-py2.py3-none-any.whl", hash = "sha256:dacca89f4bfadd5de3d7489b7c8a566eee0d3676333fbb50030263894c38c0dc"},
    {file = "click-7.1.2.tar.gz", hash = "sha256:d2b5255c7c6349bc1bd1e59e08cd12acbbd63ce649f2588755783aa94dfb6b1a"},
]

[[package]]
name = "colorama"
version = "0.4.3"
description = "Cross-platform colored terminal text."
optional = false
python-versions = ">=2.7, !=3.0.*, !=3.1.*, !=3.2.*, !=3.3.*, !=3.4.*"
files = [
    {file = "colorama-0.4.3-py2.py3-none-any.whl", hash = "sha256:7d73d2a99753107a36ac6b455ee49046802e59d9d076ef8e47b61499fa29afff"},
    {file = "colorama-0.4.3.tar.gz", hash = "sha256:e96da0d330793e2cb9485e9ddfd918d456036c7149416295932478192f4436a1"},
]

[[package]]
name = "commonmark"
version = "0.9.1"
description = "Python parser for the CommonMark Markdown spec"
optional = false
python-versions = "*"
files = [
    {file = "commonmark-0.9.1-py2.py3-none-any.whl", hash = "sha256:da2f38c92590f83de410ba1a3cbceafbc74fee9def35f9251ba9a971d6d66fd9"},
    {file = "commonmark-0.9.1.tar.gz", hash = "sha256:452f9dc859be7f06631ddcb328b6919c67984aca654e5fefb3914d54691aed60"},
]

[package.extras]
test = ["flake8 (==3.7.8)", "hypothesis (==3.55.3)"]

[[package]]
name = "decorator"
version = "4.4.2"
description = "Decorators for Humans"
optional = false
python-versions = ">=2.6, !=3.0.*, !=3.1.*"
files = [
    {file = "decorator-4.4.2-py2.py3-none-any.whl", hash = "sha256:41fa54c2a0cc4ba648be4fd43cff00aedf5b9465c9bf18d64325bc225f08f760"},
    {file = "decorator-4.4.2.tar.gz", hash = "sha256:e3a62f0520172440ca0dcc823749319382e377f37f140a0b99ef45fecb84bfe7"},
]

[[package]]
name = "executing"
version = "0.5.0"
description = "Get the currently executing AST node of a frame, and other information"
optional = false
python-versions = "*"
files = [
    {file = "executing-0.5.0-py3-none-any.whl", hash = "sha256:bfe21d108b0b73103d81aa5bee5f7d5067858d835b51fb35b624a195bbf6b9ec"},
]

[[package]]
name = "fancycompleter"
version = "0.9.1"
description = "colorful TAB completion for Python prompt"
optional = false
python-versions = "*"
files = [
    {file = "fancycompleter-0.9.1-py3-none-any.whl", hash = "sha256:dd076bca7d9d524cc7f25ec8f35ef95388ffef9ef46def4d3d25e9b044ad7080"},
    {file = "fancycompleter-0.9.1.tar.gz", hash = "sha256:09e0feb8ae242abdfd7ef2ba55069a46f011814a80fe5476be48f51b00247272"},
]

[package.dependencies]
pyreadline = {version = "*", markers = "platform_system == \"Windows\""}
pyrepl = ">=0.8.2"

[[package]]
name = "fastapi"
version = "0.60.1"
description = "FastAPI framework, high performance, easy to learn, fast to code, ready for production"
optional = false
python-versions = ">=3.6"
files = [
    {file = "fastapi-0.60.1-py3-none-any.whl", hash = "sha256:96f964c3d9da8183f824857ad67c16c00ff3297e7bbca6748f60bd8485ded38c"},
    {file = "fastapi-0.60.1.tar.gz", hash = "sha256:9a4faa0e2b9c88a3772f7ce15eb4005bbdd27d1230ab4a0cd3517316175014a6"},
]

[package.dependencies]
pydantic = ">=0.32.2,<2.0.0"
starlette = "0.13.6"

[package.extras]
all = ["aiofiles (>=0.5.0,<0.6.0)", "async_exit_stack (>=1.0.1,<2.0.0)", "async_generator (>=1.10,<2.0.0)", "email_validator (>=1.1.1,<2.0.0)", "graphene (>=2.1.8,<3.0.0)", "itsdangerous (>=1.1.0,<2.0.0)", "jinja2 (>=2.11.2,<3.0.0)", "orjson (>=3.2.1,<4.0.0)", "python-multipart (>=0.0.5,<0.0.6)", "pyyaml (>=5.3.1,<6.0.0)", "requests (>=2.24.0,<3.0.0)", "ujson (>=3.0.0,<4.0.0)", "uvicorn (>=0.11.5,<0.12.0)"]
dev = ["autoflake (>=1.3.1,<2.0.0)", "flake8 (>=3.8.3,<4.0.0)", "graphene (>=2.1.8,<3.0.0)", "passlib[bcrypt] (>=1.7.2,<2.0.0)", "python-jose[cryptography] (>=3.1.0,<4.0.0)", "uvicorn (>=0.11.5,<0.12.0)"]
doc = ["markdown-include (>=0.5.1,<0.6.0)", "mkdocs (>=1.1.2,<2.0.0)", "mkdocs-markdownextradata-plugin (>=0.1.7,<0.2.0)", "mkdocs-material (>=5.4.0,<6.0.0)", "pyyaml (>=5.3.1,<6.0.0)", "typer (>=0.3.0,<0.4.0)", "typer-cli (>=0.0.9,<0.0.10)"]
test = ["aiofiles (>=0.5.0,<0.6.0)", "async_exit_stack (>=1.0.1,<2.0.0)", "async_generator (>=1.10,<2.0.0)", "black (==19.10b0)", "databases[sqlite] (>=0.3.2,<0.4.0)", "email_validator (>=1.1.1,<2.0.0)", "flask (>=1.1.2,<2.0.0)", "isort (>=5.0.6,<6.0.0)", "mypy (==0.782)", "orjson (>=3.2.1,<4.0.0)", "peewee (>=3.13.3,<4.0.0)", "pytest (==5.4.3)", "pytest-cov (==2.10.0)", "python-multipart (>=0.0.5,<0.0.6)", "requests (>=2.24.0,<3.0.0)", "sqlalchemy (>=1.3.18,<2.0.0)"]

[[package]]
name = "hunter"
version = "3.1.3"
description = "Hunter is a flexible code tracing toolkit."
optional = false
python-versions = ">=2.7, !=3.0.*, !=3.1.*, !=3.2.*, !=3.3.*, !=3.4.*"
files = [
    {file = "hunter-3.1.3-cp27-cp27m-macosx_10_13_x86_64.whl", hash = "sha256:074eee4665a194673e3026e4dfed0d7e0fc8cdf07b3c708ff757521798366987"},
    {file = "hunter-3.1.3-cp27-cp27m-win32.whl", hash = "sha256:1130cc953f795a58120373a1d1ab8743cdbc836a3f590ffb54fa6f079ad1ef0a"},
    {file = "hunter-3.1.3-cp27-cp27m-win_amd64.whl", hash = "sha256:82381f91293adaf0dd3404c7e61748ec07d021dae1a1f44bbb7c111154035add"},
    {file = "hunter-3.1.3-cp27-cp27mu-manylinux1_x86_64.whl", hash = "sha256:37f58db931686bd8a684563fa0b2d71a5b2a5faf918381ebd3c7025d4a4610ff"},
    {file = "hunter-3.1.3-cp35-cp35m-manylinux1_x86_64.whl", hash = "sha256:ede21f6cd237b4c1a5ec9a2a2aaea5696424079c5091b81a015247a284a9e0bf"},
    {file = "hunter-3.1.3-cp35-cp35m-win32.whl", hash = "sha256:10699c91d12de684895ccc6484a931687ad5c3c86b3450e0c00f35c6d4ca0425"},
    {file = "hunter-3.1.3-cp35-cp35m-win_amd64.whl", hash = "sha256:0c95edf28890fa54173fe84d1a5925e9543737b3a5d3562fc6fc8e4e46e34240"},
    {file = "hunter-3.1.3-cp36-cp36m-manylinux1_x86_64.whl", hash = "sha256:a43ea6fd1f225271e0b47a26e614b03993c34c0d35598f9c33998905ce4659f9"},
    {file = "hunter-3.1.3-cp36-cp36m-win32.whl", hash = "sha256:dc4500d052931938e33ce97fb4c0158d5d6ab91cb60128ab0e0b0a2315ecd09f"},
    {file = "hunter-3.1.3-cp36-cp36m-win_amd64.whl", hash = "sha256:e9b399c6bdabb203a67cc84aa4735ccd67c1b12f4d8fd2740ebe887a3e8c9b3f"},
    {file = "hunter-3.1.3-cp37-cp37m-macosx_10_13_x86_64.whl", hash = "sha256:2f20670bcb62e876e5f5eb826eb027e912d49c4ce339e9990a95c8f8f91ae5e4"},
    {file = "hunter-3.1.3-cp37-cp37m-manylinux1_x86_64.whl", hash = "sha256:f47f58aa1e4a02f60d48294bb86ea6ce5257d6bf2b6ac30f7538784f39fb78fc"},
    {file = "hunter-3.1.3-cp37-cp37m-win32.whl", hash = "sha256:734a14bca0dba666920477ef8b8c74de5f4021781188baeca0d6c63714bc7923"},
    {file = "hunter-3.1.3-cp37-cp37m-win_amd64.whl", hash = "sha256:7b51dd02a056f3e1803fc2ad12576bf1ff3447853fc4988874fe0c6ca98e8d6f"},
    {file = "hunter-3.1.3-cp38-cp38-manylinux1_x86_64.whl", hash = "sha256:db987f7f5d7b13c466862de2fc05eb088188a6276535a492b010b1991cfc8902"},
    {file = "hunter-3.1.3-cp38-cp38-win32.whl", hash = "sha256:d66e343ba193e28b3c4fcd81571412bcbdf7083557c426c892270ce8e060c9c3"},
    {file = "hunter-3.1.3-cp38-cp38-win_amd64.whl", hash = "sha256:acfa2230ba200ebdd98cf3e5a81f83c1e81034737bcba3fbf591ae4089ada656"},
    {file = "hunter-3.1.3.tar.gz", hash = "sha256:3c293580bba8489c4188fd39c33089a5697800bd3b37700869d6070de1805a28"},
]

[package.dependencies]
colorama = "*"
manhole = {version = ">=1.5", markers = "platform_system != \"Windows\""}

[[package]]
name = "ipykernel"
version = "5.3.4"
description = "IPython Kernel for Jupyter"
optional = false
python-versions = ">=3.5"
files = [
    {file = "ipykernel-5.3.4-py3-none-any.whl", hash = "sha256:d6fbba26dba3cebd411382bc484f7bc2caa98427ae0ddb4ab37fe8bfeb5c7dd3"},
    {file = "ipykernel-5.3.4.tar.gz", hash = "sha256:9b2652af1607986a1b231c62302d070bc0534f564c393a5d9d130db9abbbe89d"},
]

[package.dependencies]
appnope = {version = "*", markers = "platform_system == \"Darwin\""}
ipython = ">=5.0.0"
jupyter-client = "*"
tornado = ">=4.2"
traitlets = ">=4.1.0"

[package.extras]
test = ["flaky", "nose", "pytest (!=5.3.4)", "pytest-cov"]

[[package]]
name = "ipython"
version = "7.16.1"
description = "IPython: Productive Interactive Computing"
optional = false
python-versions = ">=3.6"
files = [
    {file = "ipython-7.16.1-py3-none-any.whl", hash = "sha256:2dbcc8c27ca7d3cfe4fcdff7f45b27f9a8d3edfa70ff8024a71c7a8eb5f09d64"},
    {file = "ipython-7.16.1.tar.gz", hash = "sha256:9f4fcb31d3b2c533333893b9172264e4821c1ac91839500f31bd43f2c59b3ccf"},
]

[package.dependencies]
appnope = {version = "*", markers = "sys_platform == \"darwin\""}
backcall = "*"
colorama = {version = "*", markers = "sys_platform == \"win32\""}
decorator = "*"
jedi = ">=0.10"
pexpect = {version = "*", markers = "sys_platform != \"win32\""}
pickleshare = "*"
prompt-toolkit = ">=2.0.0,<3.0.0 || >3.0.0,<3.0.1 || >3.0.1,<3.1.0"
pygments = "*"
setuptools = ">=18.5"
traitlets = ">=4.2"

[package.extras]
all = ["Sphinx (>=1.3)", "ipykernel", "ipyparallel", "ipywidgets", "nbconvert", "nbformat", "nose (>=0.10.1)", "notebook", "numpy (>=1.14)", "pygments", "qtconsole", "requests", "testpath"]
doc = ["Sphinx (>=1.3)"]
kernel = ["ipykernel"]
nbconvert = ["nbconvert"]
nbformat = ["nbformat"]
notebook = ["ipywidgets", "notebook"]
parallel = ["ipyparallel"]
qtconsole = ["qtconsole"]
test = ["ipykernel", "nbformat", "nose (>=0.10.1)", "numpy (>=1.14)", "pygments", "requests", "testpath"]

[[package]]
name = "ipython-genutils"
version = "0.2.0"
description = "Vestigial utilities from IPython"
optional = false
python-versions = "*"
files = [
    {file = "ipython_genutils-0.2.0-py2.py3-none-any.whl", hash = "sha256:72dd37233799e619666c9f639a9da83c34013a73e8bbc79a7a6348d93c61fab8"},
    {file = "ipython_genutils-0.2.0.tar.gz", hash = "sha256:eb2e116e75ecef9d4d228fdc66af54269afa26ab4463042e33785b887c628ba8"},
]

[[package]]
name = "jedi"
version = "0.17.2"
description = "An autocompletion tool for Python that can be used for text editors."
optional = false
python-versions = ">=2.7, !=3.0.*, !=3.1.*, !=3.2.*, !=3.3.*, !=3.4.*"
files = [
    {file = "jedi-0.17.2-py2.py3-none-any.whl", hash = "sha256:98cc583fa0f2f8304968199b01b6b4b94f469a1f4a74c1560506ca2a211378b5"},
    {file = "jedi-0.17.2.tar.gz", hash = "sha256:86ed7d9b750603e4ba582ea8edc678657fb4007894a12bcf6f4bb97892f31d20"},
]

[package.dependencies]
parso = ">=0.7.0,<0.8.0"

[package.extras]
qa = ["flake8 (==3.7.9)"]
testing = ["Django (<3.1)", "colorama", "docopt", "pytest (>=3.9.0,<5.0.0)"]

[[package]]
name = "jupyter-client"
version = "6.1.6"
description = "Jupyter protocol implementation and client libraries"
optional = false
python-versions = ">=3.5"
files = [
    {file = "jupyter_client-6.1.6-py3-none-any.whl", hash = "sha256:7ad9aa91505786420d77edc5f9fb170d51050c007338ba8d196f603223fd3b3a"},
    {file = "jupyter_client-6.1.6.tar.gz", hash = "sha256:b360f8d4638bc577a4656e93f86298db755f915098dc763f6fc05da0c5d7a595"},
]

[package.dependencies]
jupyter-core = ">=4.6.0"
python-dateutil = ">=2.1"
pyzmq = ">=13"
tornado = ">=4.1"
traitlets = "*"

[package.extras]
test = ["async-generator", "ipykernel", "ipython", "mock", "pytest", "pytest-asyncio", "pytest-timeout"]

[[package]]
name = "jupyter-core"
version = "4.11.2"
description = "Jupyter core package. A base package on which Jupyter projects rely."
optional = false
python-versions = ">=3.7"
files = [
    {file = "jupyter_core-4.11.2-py3-none-any.whl", hash = "sha256:3815e80ec5272c0c19aad087a0d2775df2852cfca8f5a17069e99c9350cecff8"},
    {file = "jupyter_core-4.11.2.tar.gz", hash = "sha256:c2909b9bc7dca75560a6c5ae78c34fd305ede31cd864da3c0d0bb2ed89aa9337"},
]

[package.dependencies]
pywin32 = {version = ">=1.0", markers = "sys_platform == \"win32\" and platform_python_implementation != \"PyPy\""}
traitlets = "*"

[package.extras]
test = ["ipykernel", "pre-commit", "pytest", "pytest-cov", "pytest-timeout"]

[[package]]
name = "loguru"
version = "0.5.1"
description = "Python logging made (stupidly) simple"
optional = false
python-versions = ">=3.5"
files = [
    {file = "loguru-0.5.1-py3-none-any.whl", hash = "sha256:e5d362a43cd2fc2da63551d79a6830619c4d5b3a8b976515748026f92f351b61"},
    {file = "loguru-0.5.1.tar.gz", hash = "sha256:70201d5fce26da89b7a5f168caa2bb674e06b969829f56737db1d6472e53e7c3"},
]

[package.dependencies]
colorama = {version = ">=0.3.4", markers = "sys_platform == \"win32\""}
win32-setctime = {version = ">=1.0.0", markers = "sys_platform == \"win32\""}

[package.extras]
dev = ["Sphinx (>=2.2.1)", "black (>=19.3b0)", "codecov (>=2.0.15)", "colorama (>=0.3.4)", "flake8 (>=3.7.7)", "isort (>=4.3.20)", "pytest (>=4.6.2)", "pytest-cov (>=2.7.1)", "sphinx-autobuild (>=0.7.1)", "sphinx-rtd-theme (>=0.4.3)", "tox (>=3.9.0)", "tox-travis (>=0.12)"]

[[package]]
name = "manhole"
version = "1.6.0"
description = "Manhole is in-process service that will accept unix domain socket connections and present the"
optional = false
python-versions = ">=2.7, !=3.0.*, !=3.1.*, !=3.2.*, !=3.3.*, !=3.4.*"
files = [
    {file = "manhole-1.6.0-py2.py3-none-any.whl", hash = "sha256:3ff8960ebd250f63d054b08af92be299b9a9a62ac2ae1dde8678e000c001d500"},
    {file = "manhole-1.6.0.tar.gz", hash = "sha256:d4ab98198481ed54a5b95c0439f41131f56d7d3755eedaedce5a45ca7ff4aa42"},
]

[[package]]
name = "parso"
version = "0.7.1"
description = "A Python Parser"
optional = false
python-versions = ">=2.7, !=3.0.*, !=3.1.*, !=3.2.*, !=3.3.*"
files = [
    {file = "parso-0.7.1-py2.py3-none-any.whl", hash = "sha256:97218d9159b2520ff45eb78028ba8b50d2bc61dcc062a9682666f2dc4bd331ea"},
    {file = "parso-0.7.1.tar.gz", hash = "sha256:caba44724b994a8a5e086460bb212abc5a8bc46951bf4a9a1210745953622eb9"},
]

[package.extras]
testing = ["docopt", "pytest (>=3.0.7)"]

[[package]]
name = "pdbpp"
version = "0.10.2"
description = "pdb++, a drop-in replacement for pdb"
optional = false
python-versions = "*"
files = [
    {file = "pdbpp-0.10.2.tar.gz", hash = "sha256:73ff220d5006e0ecdc3e2705d8328d8aa5ac27fef95cc06f6e42cd7d22d55eb8"},
]

[package.dependencies]
fancycompleter = ">=0.8"
pygments = "*"
wmctrl = "*"

[package.extras]
funcsigs = ["funcsigs"]
testing = ["funcsigs", "pytest"]

[[package]]
name = "pexpect"
version = "4.8.0"
description = "Pexpect allows easy control of interactive console applications."
optional = false
python-versions = "*"
files = [
    {file = "pexpect-4.8.0-py2.py3-none-any.whl", hash = "sha256:0b48a55dcb3c05f3329815901ea4fc1537514d6ba867a152b581d69ae3710937"},
    {file = "pexpect-4.8.0.tar.gz", hash = "sha256:fc65a43959d153d0114afe13997d439c22823a27cefceb5ff35c2178c6784c0c"},
]

[package.dependencies]
ptyprocess = ">=0.5"

[[package]]
name = "pickleshare"
version = "0.7.5"
description = "Tiny 'shelve'-like database with concurrency support"
optional = false
python-versions = "*"
files = [
    {file = "pickleshare-0.7.5-py2.py3-none-any.whl", hash = "sha256:9649af414d74d4df115d5d718f82acb59c9d418196b7b4290ed47a12ce62df56"},
    {file = "pickleshare-0.7.5.tar.gz", hash = "sha256:87683d47965c1da65cdacaf31c8441d12b8044cdec9aca500cd78fc2c683afca"},
]

[[package]]
name = "pprintpp"
version = "0.4.0"
description = "A drop-in replacement for pprint that's actually pretty"
optional = false
python-versions = "*"
files = [
    {file = "pprintpp-0.4.0-py2.py3-none-any.whl", hash = "sha256:b6b4dcdd0c0c0d75e4d7b2f21a9e933e5b2ce62b26e1a54537f9651ae5a5c01d"},
    {file = "pprintpp-0.4.0.tar.gz", hash = "sha256:ea826108e2c7f49dc6d66c752973c3fc9749142a798d6b254e1e301cfdbc6403"},
]

[[package]]
name = "prompt-toolkit"
version = "3.0.5"
description = "Library for building powerful interactive command lines in Python"
optional = false
python-versions = ">=3.6.1"
files = [
    {file = "prompt_toolkit-3.0.5-py3-none-any.whl", hash = "sha256:df7e9e63aea609b1da3a65641ceaf5bc7d05e0a04de5bd45d05dbeffbabf9e04"},
    {file = "prompt_toolkit-3.0.5.tar.gz", hash = "sha256:563d1a4140b63ff9dd587bda9557cffb2fe73650205ab6f4383092fb882e7dc8"},
]

[package.dependencies]
wcwidth = "*"

[[package]]
name = "ptyprocess"
version = "0.6.0"
description = "Run a subprocess in a pseudo terminal"
optional = false
python-versions = "*"
files = [
    {file = "ptyprocess-0.6.0-py2.py3-none-any.whl", hash = "sha256:d7cc528d76e76342423ca640335bd3633420dc1366f258cb31d05e865ef5ca1f"},
    {file = "ptyprocess-0.6.0.tar.gz", hash = "sha256:923f299cc5ad920c68f2bc0bc98b75b9f838b93b599941a6b63ddbc2476394c0"},
]

[[package]]
name = "pydantic"
version = "1.6.1"
description = "Data validation and settings management using python 3.6 type hinting"
optional = false
python-versions = ">=3.6"
files = [
    {file = "pydantic-1.6.1-cp36-cp36m-macosx_10_9_x86_64.whl", hash = "sha256:418b84654b60e44c0cdd5384294b0e4bc1ebf42d6e873819424f3b78b8690614"},
    {file = "pydantic-1.6.1-cp36-cp36m-manylinux1_i686.whl", hash = "sha256:4900b8820b687c9a3ed753684337979574df20e6ebe4227381d04b3c3c628f99"},
    {file = "pydantic-1.6.1-cp36-cp36m-manylinux2014_i686.whl", hash = "sha256:b49c86aecde15cde33835d5d6360e55f5e0067bb7143a8303bf03b872935c75b"},
    {file = "pydantic-1.6.1-cp36-cp36m-manylinux2014_x86_64.whl", hash = "sha256:2de562a456c4ecdc80cf1a8c3e70c666625f7d02d89a6174ecf63754c734592e"},
    {file = "pydantic-1.6.1-cp36-cp36m-win_amd64.whl", hash = "sha256:f769141ab0abfadf3305d4fcf36660e5cf568a666dd3efab7c3d4782f70946b1"},
    {file = "pydantic-1.6.1-cp37-cp37m-macosx_10_9_x86_64.whl", hash = "sha256:2dc946b07cf24bee4737ced0ae77e2ea6bc97489ba5a035b603bd1b40ad81f7e"},
    {file = "pydantic-1.6.1-cp37-cp37m-manylinux1_i686.whl", hash = "sha256:36dbf6f1be212ab37b5fda07667461a9219c956181aa5570a00edfb0acdfe4a1"},
    {file = "pydantic-1.6.1-cp37-cp37m-manylinux2014_i686.whl", hash = "sha256:1783c1d927f9e1366e0e0609ae324039b2479a1a282a98ed6a6836c9ed02002c"},
    {file = "pydantic-1.6.1-cp37-cp37m-manylinux2014_x86_64.whl", hash = "sha256:cf3933c98cb5e808b62fae509f74f209730b180b1e3c3954ee3f7949e083a7df"},
    {file = "pydantic-1.6.1-cp37-cp37m-win_amd64.whl", hash = "sha256:f8af9b840a9074e08c0e6dc93101de84ba95df89b267bf7151d74c553d66833b"},
    {file = "pydantic-1.6.1-cp38-cp38-macosx_10_9_x86_64.whl", hash = "sha256:40d765fa2d31d5be8e29c1794657ad46f5ee583a565c83cea56630d3ae5878b9"},
    {file = "pydantic-1.6.1-cp38-cp38-manylinux1_i686.whl", hash = "sha256:3fa799f3cfff3e5f536cbd389368fc96a44bb30308f258c94ee76b73bd60531d"},
    {file = "pydantic-1.6.1-cp38-cp38-manylinux2014_i686.whl", hash = "sha256:6c3f162ba175678218629f446a947e3356415b6b09122dcb364e58c442c645a7"},
    {file = "pydantic-1.6.1-cp38-cp38-manylinux2014_x86_64.whl", hash = "sha256:eb75dc1809875d5738df14b6566ccf9fd9c0bcde4f36b72870f318f16b9f5c20"},
    {file = "pydantic-1.6.1-cp38-cp38-win_amd64.whl", hash = "sha256:530d7222a2786a97bc59ee0e0ebbe23728f82974b1f1ad9a11cd966143410633"},
    {file = "pydantic-1.6.1-py36.py37.py38-none-any.whl", hash = "sha256:b5b3489cb303d0f41ad4a7390cf606a5f2c7a94dcba20c051cd1c653694cb14d"},
    {file = "pydantic-1.6.1.tar.gz", hash = "sha256:54122a8ed6b75fe1dd80797f8251ad2063ea348a03b77218d73ea9fe19bd4e73"},
]

[package.extras]
dotenv = ["python-dotenv (>=0.10.4)"]
email = ["email-validator (>=1.0.3)"]
typing-extensions = ["typing-extensions (>=3.7.2)"]

[[package]]
name = "pygments"
version = "2.6.1"
description = "Pygments is a syntax highlighting package written in Python."
optional = false
python-versions = ">=3.5"
files = [
    {file = "Pygments-2.6.1-py3-none-any.whl", hash = "sha256:ff7a40b4860b727ab48fad6360eb351cc1b33cbf9b15a0f689ca5353e9463324"},
    {file = "Pygments-2.6.1.tar.gz", hash = "sha256:647344a061c249a3b74e230c739f434d7ea4d8b1d5f3721bc0f3558049b38f44"},
]

[[package]]
name = "pyreadline"
version = "2.1"
description = "A python implmementation of GNU readline."
optional = false
python-versions = "*"
files = [
    {file = "pyreadline-2.1.zip", hash = "sha256:4530592fc2e85b25b1a9f79664433da09237c1a270e4d78ea5aa3a2c7229e2d1"},
]

[[package]]
name = "pyrepl"
version = "0.9.0"
description = "A library for building flexible command line interfaces"
optional = false
python-versions = "*"
files = [
    {file = "pyrepl-0.9.0.tar.gz", hash = "sha256:292570f34b5502e871bbb966d639474f2b57fbfcd3373c2d6a2f3d56e681a775"},
]

[[package]]
name = "python-dateutil"
version = "2.8.1"
description = "Extensions to the standard Python datetime module"
optional = false
python-versions = "!=3.0.*,!=3.1.*,!=3.2.*,>=2.7"
files = [
    {file = "python-dateutil-2.8.1.tar.gz", hash = "sha256:73ebfe9dbf22e832286dafa60473e4cd239f8592f699aa5adaf10050e6e1823c"},
    {file = "python_dateutil-2.8.1-py2.py3-none-any.whl", hash = "sha256:75bb3f31ea686f1197762692a9ee6a7550b59fc6ca3a1f4b5d7e32fb98e2da2a"},
]

[package.dependencies]
six = ">=1.5"

[[package]]
name = "pywin32"
version = "228"
description = "Python for Window Extensions"
optional = false
python-versions = "*"
files = [
    {file = "pywin32-228-cp27-cp27m-win32.whl", hash = "sha256:37dc9935f6a383cc744315ae0c2882ba1768d9b06700a70f35dc1ce73cd4ba9c"},
    {file = "pywin32-228-cp27-cp27m-win_amd64.whl", hash = "sha256:11cb6610efc2f078c9e6d8f5d0f957620c333f4b23466931a247fb945ed35e89"},
    {file = "pywin32-228-cp35-cp35m-win32.whl", hash = "sha256:1f45db18af5d36195447b2cffacd182fe2d296849ba0aecdab24d3852fbf3f80"},
    {file = "pywin32-228-cp35-cp35m-win_amd64.whl", hash = "sha256:6e38c44097a834a4707c1b63efa9c2435f5a42afabff634a17f563bc478dfcc8"},
    {file = "pywin32-228-cp36-cp36m-win32.whl", hash = "sha256:ec16d44b49b5f34e99eb97cf270806fdc560dff6f84d281eb2fcb89a014a56a9"},
    {file = "pywin32-228-cp36-cp36m-win_amd64.whl", hash = "sha256:a60d795c6590a5b6baeacd16c583d91cce8038f959bd80c53bd9a68f40130f2d"},
    {file = "pywin32-228-cp37-cp37m-win32.whl", hash = "sha256:af40887b6fc200eafe4d7742c48417529a8702dcc1a60bf89eee152d1d11209f"},
    {file = "pywin32-228-cp37-cp37m-win_amd64.whl", hash = "sha256:00eaf43dbd05ba6a9b0080c77e161e0b7a601f9a3f660727a952e40140537de7"},
    {file = "pywin32-228-cp38-cp38-win32.whl", hash = "sha256:fa6ba028909cfc64ce9e24bcf22f588b14871980d9787f1e2002c99af8f1850c"},
    {file = "pywin32-228-cp38-cp38-win_amd64.whl", hash = "sha256:9b3466083f8271e1a5eb0329f4e0d61925d46b40b195a33413e0905dccb285e8"},
    {file = "pywin32-228-cp39-cp39-win32.whl", hash = "sha256:ed74b72d8059a6606f64842e7917aeee99159ebd6b8d6261c518d002837be298"},
    {file = "pywin32-228-cp39-cp39-win_amd64.whl", hash = "sha256:8319bafdcd90b7202c50d6014efdfe4fde9311b3ff15fd6f893a45c0868de203"},
]

[[package]]
name = "pyzmq"
version = "19.0.1"
description = "Python bindings for 0MQ"
optional = false
python-versions = ">=2.7,!=3.0.*,!=3.1.*,!=3.2.*"
files = [
    {file = "pyzmq-19.0.1-cp27-cp27m-macosx_10_9_intel.whl", hash = "sha256:58688a2dfa044fad608a8e70ba8d019d0b872ec2acd75b7b5e37da8905605891"},
    {file = "pyzmq-19.0.1-cp27-cp27m-win32.whl", hash = "sha256:87c78f6936e2654397ca2979c1d323ee4a889eef536cc77a938c6b5be33351a7"},
    {file = "pyzmq-19.0.1-cp27-cp27m-win_amd64.whl", hash = "sha256:97b6255ae77328d0e80593681826a0479cb7bac0ba8251b4dd882f5145a2293a"},
    {file = "pyzmq-19.0.1-cp27-cp27mu-manylinux1_i686.whl", hash = "sha256:15b4cb21118f4589c4db8be4ac12b21c8b4d0d42b3ee435d47f686c32fe2e91f"},
    {file = "pyzmq-19.0.1-cp27-cp27mu-manylinux1_x86_64.whl", hash = "sha256:931339ac2000d12fe212e64f98ce291e81a7ec6c73b125f17cf08415b753c087"},
    {file = "pyzmq-19.0.1-cp35-cp35m-macosx_10_9_intel.whl", hash = "sha256:2a88b8fabd9cc35bd59194a7723f3122166811ece8b74018147a4ed8489e6421"},
    {file = "pyzmq-19.0.1-cp35-cp35m-manylinux1_i686.whl", hash = "sha256:bafd651b557dd81d89bd5f9c678872f3e7b7255c1c751b78d520df2caac80230"},
    {file = "pyzmq-19.0.1-cp35-cp35m-manylinux1_x86_64.whl", hash = "sha256:8952f6ba6ae598e792703f3134af5a01af8f5c7cf07e9a148f05a12b02412cea"},
    {file = "pyzmq-19.0.1-cp35-cp35m-win32.whl", hash = "sha256:54aa24fd60c4262286fc64ca632f9e747c7cc3a3a1144827490e1dc9b8a3a960"},
    {file = "pyzmq-19.0.1-cp35-cp35m-win_amd64.whl", hash = "sha256:dcbc3f30c11c60d709c30a213dc56e88ac016fe76ac6768e64717bd976072566"},
    {file = "pyzmq-19.0.1-cp36-cp36m-macosx_10_9_intel.whl", hash = "sha256:6ca519309703e95d55965735a667809bbb65f52beda2fdb6312385d3e7a6d234"},
    {file = "pyzmq-19.0.1-cp36-cp36m-manylinux1_i686.whl", hash = "sha256:4ee0bfd82077a3ff11c985369529b12853a4064320523f8e5079b630f9551448"},
    {file = "pyzmq-19.0.1-cp36-cp36m-manylinux1_x86_64.whl", hash = "sha256:ba6f24431b569aec674ede49cad197cad59571c12deed6ad8e3c596da8288217"},
    {file = "pyzmq-19.0.1-cp36-cp36m-win32.whl", hash = "sha256:956775444d01331c7eb412c5fb9bb62130dfaac77e09f32764ea1865234e2ca9"},
    {file = "pyzmq-19.0.1-cp36-cp36m-win_amd64.whl", hash = "sha256:b08780e3a55215873b3b8e6e7ca8987f14c902a24b6ac081b344fd430d6ca7cd"},
    {file = "pyzmq-19.0.1-cp37-cp37m-macosx_10_9_x86_64.whl", hash = "sha256:21f7d91f3536f480cb2c10d0756bfa717927090b7fb863e6323f766e5461ee1c"},
    {file = "pyzmq-19.0.1-cp37-cp37m-manylinux1_i686.whl", hash = "sha256:bfff5ffff051f5aa47ba3b379d87bd051c3196b0c8a603e8b7ed68a6b4f217ec"},
    {file = "pyzmq-19.0.1-cp37-cp37m-manylinux1_x86_64.whl", hash = "sha256:07fb8fe6826a229dada876956590135871de60dbc7de5a18c3bcce2ed1f03c98"},
    {file = "pyzmq-19.0.1-cp37-cp37m-win32.whl", hash = "sha256:342fb8a1dddc569bc361387782e8088071593e7eaf3e3ecf7d6bd4976edff112"},
    {file = "pyzmq-19.0.1-cp37-cp37m-win_amd64.whl", hash = "sha256:faee2604f279d31312bc455f3d024f160b6168b9c1dde22bf62d8c88a4deca8e"},
    {file = "pyzmq-19.0.1-cp38-cp38-macosx_10_9_x86_64.whl", hash = "sha256:5b9d21fc56c8aacd2e6d14738021a9d64f3f69b30578a99325a728e38a349f85"},
    {file = "pyzmq-19.0.1-cp38-cp38-manylinux1_i686.whl", hash = "sha256:af0c02cf49f4f9eedf38edb4f3b6bb621d83026e7e5d76eb5526cc5333782fd6"},
    {file = "pyzmq-19.0.1-cp38-cp38-manylinux1_x86_64.whl", hash = "sha256:5f1f2eb22aab606f808163eb1d537ac9a0ba4283fbeb7a62eb48d9103cf015c2"},
    {file = "pyzmq-19.0.1-cp38-cp38-win32.whl", hash = "sha256:f9d7e742fb0196992477415bb34366c12e9bb9a0699b8b3f221ff93b213d7bec"},
    {file = "pyzmq-19.0.1-cp38-cp38-win_amd64.whl", hash = "sha256:5b99c2ae8089ef50223c28bac57510c163bfdff158c9e90764f812b94e69a0e6"},
    {file = "pyzmq-19.0.1-pp27-pypy_73-macosx_10_9_x86_64.whl", hash = "sha256:cf5d689ba9513b9753959164cf500079383bc18859f58bf8ce06d8d4bef2b054"},
    {file = "pyzmq-19.0.1-pp36-pypy36_pp73-macosx_10_9_x86_64.whl", hash = "sha256:aaa8b40b676576fd7806839a5de8e6d5d1b74981e6376d862af6c117af2a3c10"},
    {file = "pyzmq-19.0.1.tar.gz", hash = "sha256:13a5638ab24d628a6ade8f794195e1a1acd573496c3b85af2f1183603b7bf5e0"},
]

[[package]]
name = "rich"
version = "4.0.0"
description = "Render rich text, tables, progress bars, syntax highlighting, markdown and more to the terminal"
optional = false
python-versions = ">=3.6,<4.0"
files = [
    {file = "rich-4.0.0-py3-none-any.whl", hash = "sha256:4e2673c02d25be6a75ebbeab4b2563b19a0532d309b86ddae6700b7466482a51"},
    {file = "rich-4.0.0.tar.gz", hash = "sha256:09582169934f778acb3505292200b06be69177b86335265ac3566987f7e822cf"},
]

[package.dependencies]
colorama = ">=0.4.0,<0.5.0"
commonmark = ">=0.9.0,<0.10.0"
pprintpp = ">=0.4.0,<0.5.0"
pygments = ">=2.6.0,<3.0.0"
typing-extensions = ">=3.7.4,<4.0.0"

[package.extras]
jupyter = ["ipywidgets (>=7.5.1,<8.0.0)"]

[[package]]
name = "setuptools"
version = "68.0.0"
description = "Easily download, build, install, upgrade, and uninstall Python packages"
optional = false
python-versions = ">=3.7"
files = [
    {file = "setuptools-68.0.0-py3-none-any.whl", hash = "sha256:11e52c67415a381d10d6b462ced9cfb97066179f0e871399e006c4ab101fc85f"},
    {file = "setuptools-68.0.0.tar.gz", hash = "sha256:baf1fdb41c6da4cd2eae722e135500da913332ab3f2f5c7d33af9b492acb5235"},
]

[package.extras]
docs = ["furo", "jaraco.packaging (>=9)", "jaraco.tidelift (>=1.4)", "pygments-github-lexers (==0.0.5)", "rst.linker (>=1.9)", "sphinx (>=3.5)", "sphinx-favicon", "sphinx-hoverxref (<2)", "sphinx-inline-tabs", "sphinx-lint", "sphinx-notfound-page (==0.8.3)", "sphinx-reredirects", "sphinxcontrib-towncrier"]
testing = ["build[virtualenv]", "filelock (>=3.4.0)", "flake8-2020", "ini2toml[lite] (>=0.9)", "jaraco.envs (>=2.2)", "jaraco.path (>=3.2.0)", "pip (>=19.1)", "pip-run (>=8.8)", "pytest (>=6)", "pytest-black (>=0.3.7)", "pytest-checkdocs (>=2.4)", "pytest-cov", "pytest-enabler (>=1.3)", "pytest-mypy (>=0.9.1)", "pytest-perf", "pytest-ruff", "pytest-timeout", "pytest-xdist", "tomli-w (>=1.0.0)", "virtualenv (>=13.0.0)", "wheel"]
testing-integration = ["build[virtualenv]", "filelock (>=3.4.0)", "jaraco.envs (>=2.2)", "jaraco.path (>=3.2.0)", "pytest", "pytest-enabler", "pytest-xdist", "tomli", "virtualenv (>=13.0.0)", "wheel"]

[[package]]
name = "six"
version = "1.15.0"
description = "Python 2 and 3 compatibility utilities"
optional = false
python-versions = ">=2.7, !=3.0.*, !=3.1.*, !=3.2.*"
files = [
    {file = "six-1.15.0-py2.py3-none-any.whl", hash = "sha256:8b74bedcbbbaca38ff6d7491d76f2b06b3592611af620f8426e82dddb04a5ced"},
    {file = "six-1.15.0.tar.gz", hash = "sha256:30639c035cdb23534cd4aa2dd52c3bf48f06e5f4a941509c8bafd8ce11080259"},
]

[[package]]
name = "snoop"
version = "0.2.4"
description = "Powerful debugging tools for Python"
optional = false
python-versions = "*"
files = [
    {file = "snoop-0.2.4.tar.gz", hash = "sha256:89a60f95fac717cd7e4af7674478c6c31d33e40a159452a6db7c609993e535c9"},
]

[package.dependencies]
asttokens = "*"
cheap_repr = ">=0.4.0"
executing = "*"
pygments = "*"
six = "*"

[package.extras]
tests = ["birdseye", "django", "littleutils", "numpy (>=1.16.3)", "pandas (>=0.24.2)", "pytest"]

[[package]]
name = "starlette"
version = "0.13.6"
description = "The little ASGI library that shines."
optional = false
python-versions = ">=3.6"
files = [
    {file = "starlette-0.13.6-py3-none-any.whl", hash = "sha256:bd2ffe5e37fb75d014728511f8e68ebf2c80b0fa3d04ca1479f4dc752ae31ac9"},
    {file = "starlette-0.13.6.tar.gz", hash = "sha256:ebe8ee08d9be96a3c9f31b2cb2a24dbdf845247b745664bd8a3f9bd0c977fdbc"},
]

[package.extras]
full = ["aiofiles", "graphene", "itsdangerous", "jinja2", "python-multipart", "pyyaml", "requests", "ujson"]

[[package]]
name = "tornado"
version = "6.0.4"
description = "Tornado is a Python web framework and asynchronous networking library, originally developed at FriendFeed."
optional = false
python-versions = ">= 3.5"
files = [
    {file = "tornado-6.0.4-cp35-cp35m-win32.whl", hash = "sha256:5217e601700f24e966ddab689f90b7ea4bd91ff3357c3600fa1045e26d68e55d"},
    {file = "tornado-6.0.4-cp35-cp35m-win_amd64.whl", hash = "sha256:c98232a3ac391f5faea6821b53db8db461157baa788f5d6222a193e9456e1740"},
    {file = "tornado-6.0.4-cp36-cp36m-win32.whl", hash = "sha256:5f6a07e62e799be5d2330e68d808c8ac41d4a259b9cea61da4101b83cb5dc673"},
    {file = "tornado-6.0.4-cp36-cp36m-win_amd64.whl", hash = "sha256:c952975c8ba74f546ae6de2e226ab3cc3cc11ae47baf607459a6728585bb542a"},
    {file = "tornado-6.0.4-cp37-cp37m-win32.whl", hash = "sha256:2c027eb2a393d964b22b5c154d1a23a5f8727db6fda837118a776b29e2b8ebc6"},
    {file = "tornado-6.0.4-cp37-cp37m-win_amd64.whl", hash = "sha256:5618f72e947533832cbc3dec54e1dffc1747a5cb17d1fd91577ed14fa0dc081b"},
    {file = "tornado-6.0.4-cp38-cp38-win32.whl", hash = "sha256:22aed82c2ea340c3771e3babc5ef220272f6fd06b5108a53b4976d0d722bcd52"},
    {file = "tornado-6.0.4-cp38-cp38-win_amd64.whl", hash = "sha256:c58d56003daf1b616336781b26d184023ea4af13ae143d9dda65e31e534940b9"},
    {file = "tornado-6.0.4.tar.gz", hash = "sha256:0fe2d45ba43b00a41cd73f8be321a44936dc1aba233dee979f17a042b83eb6dc"},
]

[[package]]
name = "traitlets"
version = "4.3.3"
description = "Traitlets Python config system"
optional = false
python-versions = "*"
files = [
    {file = "traitlets-4.3.3-py2.py3-none-any.whl", hash = "sha256:70b4c6a1d9019d7b4f6846832288f86998aa3b9207c6821f3578a6a6a467fe44"},
    {file = "traitlets-4.3.3.tar.gz", hash = "sha256:d023ee369ddd2763310e4c3eae1ff649689440d4ae59d7485eb4cfbbe3e359f7"},
]

[package.dependencies]
decorator = "*"
ipython-genutils = "*"
six = "*"

[package.extras]
test = ["mock", "pytest"]

[[package]]
name = "typer"
version = "0.3.1"
description = "Typer, build great CLIs. Easy to code. Based on Python type hints."
optional = false
python-versions = ">=3.6"
files = [
    {file = "typer-0.3.1-py3-none-any.whl", hash = "sha256:778a9695e68eb26a0a0321ca9d3f1a8809783f6f083549b84c67bc2385bf014e"},
    {file = "typer-0.3.1.tar.gz", hash = "sha256:85b1e5f6369750b4220ad548ea30b881a2c502504e5a0d849db9bdf6b487bdbf"},
]

[package.dependencies]
click = ">=7.1.1,<7.2.0"

[package.extras]
all = ["colorama (>=0.4.3,<0.5.0)", "shellingham (>=1.3.0,<2.0.0)"]
dev = ["autoflake (>=1.3.1,<2.0.0)", "flake8 (>=3.8.3,<4.0.0)"]
doc = ["markdown-include (>=0.5.1,<0.6.0)", "mkdocs (>=1.1.2,<2.0.0)", "mkdocs-material (>=5.4.0,<6.0.0)"]
test = ["black (>=19.10b0,<20.0b0)", "coverage (>=5.2,<6.0)", "isort (>=5.0.6,<6.0.0)", "mypy (==0.782)", "pytest (>=4.4.0,<5.4.0)", "pytest-cov (>=2.10.0,<3.0.0)", "pytest-sugar (>=0.9.4,<0.10.0)", "pytest-xdist (>=1.32.0,<2.0.0)", "shellingham (>=1.3.0,<2.0.0)"]

[[package]]
name = "typing-extensions"
version = "3.7.4.2"
description = "Backported and Experimental Type Hints for Python 3.5+"
optional = false
python-versions = "*"
files = [
    {file = "typing_extensions-3.7.4.2-py2-none-any.whl", hash = "sha256:f8d2bd89d25bc39dabe7d23df520442fa1d8969b82544370e03d88b5a591c392"},
    {file = "typing_extensions-3.7.4.2-py3-none-any.whl", hash = "sha256:6e95524d8a547a91e08f404ae485bbb71962de46967e1b71a0cb89af24e761c5"},
    {file = "typing_extensions-3.7.4.2.tar.gz", hash = "sha256:79ee589a3caca649a9bfd2a8de4709837400dfa00b6cc81962a1e6a1815969ae"},
]

[[package]]
name = "wcwidth"
version = "0.2.5"
description = "Measures the displayed width of unicode strings in a terminal"
optional = false
python-versions = "*"
files = [
    {file = "wcwidth-0.2.5-py2.py3-none-any.whl", hash = "sha256:beb4802a9cebb9144e99086eff703a642a13d6a0052920003a230f3294bbe784"},
    {file = "wcwidth-0.2.5.tar.gz", hash = "sha256:c4d647b99872929fdb7bdcaa4fbe7f01413ed3d98077df798530e5b04f116c83"},
]

[[package]]
name = "win32-setctime"
version = "1.0.1"
description = "A small Python utility to set file creation time on Windows"
optional = false
python-versions = ">=3.5"
files = [
    {file = "win32_setctime-1.0.1-py3-none-any.whl", hash = "sha256:568fd636c68350bcc54755213fe01966fe0a6c90b386c0776425944a0382abef"},
    {file = "win32_setctime-1.0.1.tar.gz", hash = "sha256:b47e5023ec7f0b4962950902b15bc56464a380d869f59d27dbf9ab423b23e8f9"},
]

[package.extras]
dev = ["black (>=19.3b0)", "pytest (>=4.6.2)"]

[[package]]
name = "wmctrl"
version = "0.3"
description = "A tool to programmatically control windows inside X"
optional = false
python-versions = "*"
files = [
    {file = "wmctrl-0.3.tar.gz", hash = "sha256:d806f65ac1554366b6e31d29d7be2e8893996c0acbb2824bbf2b1f49cf628a13"},
]

[metadata]
lock-version = "2.0"
python-versions = "^3.7"
content-hash = "9658f898438df327d898801aeafbd49126a199a15f41d3156512b000153140cc"
